
Microsoft Visual Studio Solution File, Format Version 12.00
# Visual Studio 14
VisualStudioVersion = 14.0.24720.0
MinimumVisualStudioVersion = 10.0.40219.1
Project("{FAE04EC0-301F-11D3-BF4B-00C04F79EFBC}") = "gpxEdit", "gpxEdit\gpxEdit.csproj", "{2D9D292C-F336-47C2-97A0-D96FCC6A43C9}"
EndProject
Project("{FAE04EC0-301F-11D3-BF4B-00C04F79EFBC}") = "gpx", "gpx\gpx.csproj", "{C4633BB1-4A7C-44BB-AF0F-7E5742545BDD}"
EndProject
Project("{FAE04EC0-301F-11D3-BF4B-00C04F79EFBC}") = "GpxTest", "GpxTest\GpxTest.csproj", "{F02E28B6-4388-49A9-A4D8-9BCCB0367018}"
EndProject
Global
	GlobalSection(SolutionConfigurationPlatforms) = preSolution
		Debug|Any CPU = Debug|Any CPU
		Release|Any CPU = Release|Any CPU
	EndGlobalSection
	GlobalSection(ProjectConfigurationPlatforms) = postSolution
		{2D9D292C-F336-47C2-97A0-D96FCC6A43C9}.Debug|Any CPU.ActiveCfg = Debug|Any CPU
		{2D9D292C-F336-47C2-97A0-D96FCC6A43C9}.Debug|Any CPU.Build.0 = Debug|Any CPU
		{2D9D292C-F336-47C2-97A0-D96FCC6A43C9}.Release|Any CPU.ActiveCfg = Release|Any CPU
		{2D9D292C-F336-47C2-97A0-D96FCC6A43C9}.Release|Any CPU.Build.0 = Release|Any CPU
		{C4633BB1-4A7C-44BB-AF0F-7E5742545BDD}.Debug|Any CPU.ActiveCfg = Debug|Any CPU
		{C4633BB1-4A7C-44BB-AF0F-7E5742545BDD}.Debug|Any CPU.Build.0 = Debug|Any CPU
		{C4633BB1-4A7C-44BB-AF0F-7E5742545BDD}.Release|Any CPU.ActiveCfg = Release|Any CPU
		{C4633BB1-4A7C-44BB-AF0F-7E5742545BDD}.Release|Any CPU.Build.0 = Release|Any CPU
		{F02E28B6-4388-49A9-A4D8-9BCCB0367018}.Debug|Any CPU.ActiveCfg = Debug|Any CPU
		{F02E28B6-4388-49A9-A4D8-9BCCB0367018}.Debug|Any CPU.Build.0 = Debug|Any CPU
		{F02E28B6-4388-49A9-A4D8-9BCCB0367018}.Release|Any CPU.ActiveCfg = Release|Any CPU
		{F02E28B6-4388-49A9-A4D8-9BCCB0367018}.Release|Any CPU.Build.0 = Release|Any CPU
	EndGlobalSection
	GlobalSection(SolutionProperties) = preSolution
		HideSolutionNode = FALSE
	EndGlobalSection
EndGlobal
